
Microsoft Visual Studio Solution File, Format Version 12.00
# Visual Studio Version 16
VisualStudioVersion = 16.0.31205.134
MinimumVisualStudioVersion = 10.0.40219.1
Project("{FAE04EC0-301F-11D3-BF4B-00C04F79EFBC}") = "SauronEYE", "SauronEYE.csproj", "{ECD97C78-E7A4-427D-A9CB-D9C15BD3C2E8}"
EndProject
Global
	GlobalSection(SolutionConfigurationPlatforms) = preSolution
		Debug|Any CPU = Debug|Any CPU
		Release|Any CPU = Release|Any CPU
	EndGlobalSection
	GlobalSection(ProjectConfigurationPlatforms) = postSolution
		{ECD97C78-E7A4-427D-A9CB-D9C15BD3C2E8}.Debug|Any CPU.ActiveCfg = Debug|Any CPU
		{ECD97C78-E7A4-427D-A9CB-D9C15BD3C2E8}.Debug|Any CPU.Build.0 = Debug|Any CPU
		{ECD97C78-E7A4-427D-A9CB-D9C15BD3C2E8}.Release|Any CPU.ActiveCfg = Release|Any CPU
		{ECD97C78-E7A4-427D-A9CB-D9C15BD3C2E8}.Release|Any CPU.Build.0 = Release|Any CPU
	EndGlobalSection
	GlobalSection(SolutionProperties) = preSolution
		HideSolutionNode = FALSE
	EndGlobalSection
	GlobalSection(ExtensibilityGlobals) = postSolution
		SolutionGuid = {0512AE65-A1D6-477D-BB1C-12B939999270}
	EndGlobalSection
EndGlobal
